
Microsoft Visual Studio Solution File, Format Version 12.00
# Visual Studio Version 17
VisualStudioVersion = 17.9.34728.123
MinimumVisualStudioVersion = 10.0.40219.1
Project("{FAE04EC0-301F-11D3-BF4B-00C04F79EFBC}") = "kouBlog", "kouBlog.csproj", "{FEFFE0E3-0CFC-4649-B627-11836FDDC7AF}"
EndProject
Project("{FAE04EC0-301F-11D3-BF4B-00C04F79EFBC}") = "kouBlog-Entity", "kouBlog-Entity\kouBlog-Entity.csproj", "{E7B3BC8C-B966-4B48-B5FE-CF932CB37203}"
EndProject
Global
	GlobalSection(SolutionConfigurationPlatforms) = preSolution
		Debug|Any CPU = Debug|Any CPU
		Release|Any CPU = Release|Any CPU
	EndGlobalSection
	GlobalSection(ProjectConfigurationPlatforms) = postSolution
		{FEFFE0E3-0CFC-4649-B627-11836FDDC7AF}.Debug|Any CPU.ActiveCfg = Debug|Any CPU
		{FEFFE0E3-0CFC-4649-B627-11836FDDC7AF}.Debug|Any CPU.Build.0 = Debug|Any CPU
		{FEFFE0E3-0CFC-4649-B627-11836FDDC7AF}.Release|Any CPU.ActiveCfg = Release|Any CPU
		{FEFFE0E3-0CFC-4649-B627-11836FDDC7AF}.Release|Any CPU.Build.0 = Release|Any CPU
		{E7B3BC8C-B966-4B48-B5FE-CF932CB37203}.Debug|Any CPU.ActiveCfg = Debug|Any CPU
		{E7B3BC8C-B966-4B48-B5FE-CF932CB37203}.Debug|Any CPU.Build.0 = Debug|Any CPU
		{E7B3BC8C-B966-4B48-B5FE-CF932CB37203}.Release|Any CPU.ActiveCfg = Release|Any CPU
		{E7B3BC8C-B966-4B48-B5FE-CF932CB37203}.Release|Any CPU.Build.0 = Release|Any CPU
	EndGlobalSection
	GlobalSection(SolutionProperties) = preSolution
		HideSolutionNode = FALSE
	EndGlobalSection
	GlobalSection(ExtensibilityGlobals) = postSolution
		SolutionGuid = {45B44676-B341-44DC-BA7E-A21B3E16F538}
	EndGlobalSection
EndGlobal
